github.com/corazawaf/libinjection-go v0.3.4 h1:jX2Tit2xZxYJJyVryNXucYBZtQqS7473x9Nc6lgRRbk=
github.com/corazawaf/libinjection-go v0.3.4/go.mod h1:Ik/+w3UmTWH9yn366RgS9D95K3y7Atb5m/H/gXzzPCk=
github.com/corazawaf/libinjection-go v0.3.5 h1:Zj2AAAKnaRtoLCXYqmc/wzCVAVXxe81UpF5JblL4WQA=
github.com/corazawaf/libinjection-go v0.3.5/go.mod h1:Ik/+w3UmTWH9yn366RgS9D95K3y7Atb5m/H/gXzzPCk=
